<?xml version="1.0" encoding="utf-8"?>
<Project ToolsVersion="4.0" xmlns="http://schemas.microsoft.com/developer/msbuild/2003">
  <ItemGroup>
    <Filter Include="Source Files">
      <UniqueIdentifier>{4FC737F1-C7A5-4376-A066-2A32D752A2FF}</UniqueIdentifier>
      <Extensions>cpp;c;cc;cxx;c++;cppm;ixx;def;odl;idl;hpj;bat;asm;asmx</Extensions>
    </Filter>
    <Filter Include="Header Files">
      <UniqueIdentifier>{93995380-89BD-4b04-88EB-625FBE52EBFB}</UniqueIdentifier>
      <Extensions>h;hh;hpp;hxx;h++;hm;inl;inc;ipp;xsd</Extensions>
    </Filter>
    <Filter Include="Resource Files">
      <UniqueIdentifier>{67DA6AB6-F800-4c08-8B7A-83BB121AAD01}</UniqueIdentifier>
      <Extensions>rc;ico;cur;bmp;dlg;rc2;rct;bin;rgs;gif;jpg;jpeg;jpe;resx;tiff;tif;png;wav;mfcribbon-ms</Extensions>
    </Filter>
    <Filter Include="Header Files\Problems">
      <UniqueIdentifier>{178e0ecb-c0b5-4c3f-ad55-623b6bd2206a}</UniqueIdentifier>
    </Filter>
    <Filter Include="Header Files\Algs">
      <UniqueIdentifier>{f02cd938-bfe3-434c-90ef-e95955146f2b}</UniqueIdentifier>
    </Filter>
    <Filter Include="Source Files\Problems">
      <UniqueIdentifier>{40c7d58a-8cc7-4704-b779-c1e4d9c4b66c}</UniqueIdentifier>
    </Filter>
    <Filter Include="Source Files\Algs">
      <UniqueIdentifier>{326f1d51-4c2d-4ce1-903a-47d5a1c058bf}</UniqueIdentifier>
    </Filter>
    <Filter Include="Header Files\Utils">
      <UniqueIdentifier>{17e70167-91b3-42c6-affe-8bce886aaa43}</UniqueIdentifier>
    </Filter>
    <Filter Include="Source Files\Utils">
      <UniqueIdentifier>{95467328-5078-4cf4-a38f-35638b482153}</UniqueIdentifier>
    </Filter>
    <Filter Include="Header Files\common">
      <UniqueIdentifier>{440b519e-0cff-4a95-a859-cfbc5dff6cdc}</UniqueIdentifier>
    </Filter>
  </ItemGroup>
  <ItemGroup>
    <ClCompile Include="AdvAlg.cpp">
      <Filter>Source Files</Filter>
    </ClCompile>
    <ClCompile Include="ImageSegmentation.cpp">
      <Filter>Source Files\Problems</Filter>
    </ClCompile>
    <ClCompile Include="PathFinding.cpp">
      <Filter>Source Files\Problems</Filter>
    </ClCompile>
    <ClCompile Include="TravellingSalesman.cpp">
      <Filter>Source Files\Problems</Filter>
    </ClCompile>
    <ClCompile Include="KMEANS.cpp">
      <Filter>Source Files\Algs</Filter>
    </ClCompile>
    <ClCompile Include="GeneticProgramming.cpp">
      <Filter>Source Files\Algs</Filter>
    </ClCompile>
    <ClCompile Include="GeneticAlgorithms.cpp">
      <Filter>Source Files\Algs</Filter>
    </ClCompile>
    <ClCompile Include="Random.cpp">
      <Filter>Source Files\Utils</Filter>
    </ClCompile>
    <ClCompile Include="TextLog.cpp">
      <Filter>Source Files\Utils</Filter>
    </ClCompile>
    <ClCompile Include="Animlog.cpp">
      <Filter>Source Files\Utils</Filter>
    </ClCompile>
  </ItemGroup>
  <ItemGroup>
    <ClInclude Include="ImageSegmentation.h">
      <Filter>Header Files\Problems</Filter>
    </ClInclude>
    <ClInclude Include="PathFinding.h">
      <Filter>Header Files\Problems</Filter>
    </ClInclude>
    <ClInclude Include="TravellingSalesman.h">
      <Filter>Header Files\Problems</Filter>
    </ClInclude>
    <ClInclude Include="GeneticProgramming.h">
      <Filter>Header Files\Algs</Filter>
    </ClInclude>
    <ClInclude Include="GeneticAlgorithms.h">
      <Filter>Header Files\Algs</Filter>
    </ClInclude>
    <ClInclude Include="KMEANS.h">
      <Filter>Header Files\Algs</Filter>
    </ClInclude>
    <ClInclude Include="Random.h">
      <Filter>Header Files\Utils</Filter>
    </ClInclude>
    <ClInclude Include="TextLog.h">
      <Filter>Header Files\Utils</Filter>
    </ClInclude>
    <ClInclude Include="Animlog.h">
      <Filter>Header Files\Utils</Filter>
    </ClInclude>
    <ClInclude Include="Common.h">
      <Filter>Header Files\common</Filter>
    </ClInclude>
  </ItemGroup>
</Project>